// !$*UTF8*$!
{
	archiveVersion = 1;
	classes = {
	};
	objectVersion = 55;
	objects = {

/* Begin PBXBuildFile section */
		F9D95253297EB83E0092136B /* AppDelegate.swift in Sources */ = {isa = PBXBuildFile; fileRef = F9D95252297EB83E0092136B /* AppDelegate.swift */; };
		F9D95255297EB83E0092136B /* SceneDelegate.swift in Sources */ = {isa = PBXBuildFile; fileRef = F9D95254297EB83E0092136B /* SceneDelegate.swift */; };
		F9D95257297EB83E0092136B /* ViewController.swift in Sources */ = {isa = PBXBuildFile; fileRef = F9D95256297EB83E0092136B /* ViewController.swift */; };
		F9D9525A297EB83E0092136B /* Main.storyboard in Resources */ = {isa = PBXBuildFile; fileRef = F9D95258297EB83E0092136B /* Main.storyboard */; };
		F9D9525C297EB83F0092136B /* Assets.xcassets in Resources */ = {isa = PBXBuildFile; fileRef = F9D9525B297EB83F0092136B /* Assets.xcassets */; };
		F9D9525F297EB83F0092136B /* LaunchScreen.storyboard in Resources */ = {isa = PBXBuildFile; fileRef = F9D9525D297EB83F0092136B /* LaunchScreen.storyboard */; };
		F9D9526A297EB83F0092136B /* MyDogAppTests.swift in Sources */ = {isa = PBXBuildFile; fileRef = F9D95269297EB83F0092136B /* MyDogAppTests.swift */; };
		F9D95274297EB83F0092136B /* MyDogAppUITests.swift in Sources */ = {isa = PBXBuildFile; fileRef = F9D95273297EB83F0092136B /* MyDogAppUITests.swift */; };
		F9D95276297EB83F0092136B /* MyDogAppUITestsLaunchTests.swift in Sources */ = {isa = PBXBuildFile; fileRef = F9D95275297EB83F0092136B /* MyDogAppUITestsLaunchTests.swift */; };
		F9D95284297EEED80092136B /* BreedsViewController.swift in Sources */ = {isa = PBXBuildFile; fileRef = F9D95283297EEED80092136B /* BreedsViewController.swift */; };
		F9D95286298160860092136B /* BreedCollectionViewCell.swift in Sources */ = {isa = PBXBuildFile; fileRef = F9D95285298160860092136B /* BreedCollectionViewCell.swift */; };
		F9D9528B2982E3AB0092136B /* BreedsPresenter.swift in Sources */ = {isa = PBXBuildFile; fileRef = F9D9528A2982E3AB0092136B /* BreedsPresenter.swift */; };
		F9D9528E29841F2B0092136B /* Breed.swift in Sources */ = {isa = PBXBuildFile; fileRef = F9D9528D29841F2B0092136B /* Breed.swift */; };
/* End PBXBuildFile section */

/* Begin PBXContainerItemProxy section */
		F9D95266297EB83F0092136B /* PBXContainerItemProxy */ = {
			isa = PBXContainerItemProxy;
			containerPortal = F9D95247297EB83E0092136B /* Project object */;
			proxyType = 1;
			remoteGlobalIDString = F9D9524E297EB83E0092136B;
			remoteInfo = MyDogApp;
		};
		F9D95270297EB83F0092136B /* PBXContainerItemProxy */ = {
			isa = PBXContainerItemProxy;
			containerPortal = F9D95247297EB83E0092136B /* Project object */;
			proxyType = 1;
			remoteGlobalIDString = F9D9524E297EB83E0092136B;
			remoteInfo = MyDogApp;
		};
/* End PBXContainerItemProxy section */

/* Begin PBXFileReference section */
		F9D9524F297EB83E0092136B /* MyDogApp.app */ = {isa = PBXFileReference; explicitFileType = wrapper.application; includeInIndex = 0; path = MyDogApp.app; sourceTree = BUILT_PRODUCTS_DIR; };
		F9D95252297EB83E0092136B /* AppDelegate.swift */ = {isa = PBXFileReference; lastKnownFileType = sourcecode.swift; path = AppDelegate.swift; sourceTree = "<group>"; };
		F9D95254297EB83E0092136B /* SceneDelegate.swift */ = {isa = PBXFileReference; lastKnownFileType = sourcecode.swift; path = SceneDelegate.swift; sourceTree = "<group>"; };
		F9D95256297EB83E0092136B /* ViewController.swift */ = {isa = PBXFileReference; lastKnownFileType = sourcecode.swift; path = ViewController.swift; sourceTree = "<group>"; };
		F9D95259297EB83E0092136B /* Base */ = {isa = PBXFileReference; lastKnownFileType = file.storyboard; name = Base; path = Base.lproj/Main.storyboard; sourceTree = "<group>"; };
		F9D9525B297EB83F0092136B /* Assets.xcassets */ = {isa = PBXFileReference; lastKnownFileType = folder.assetcatalog; path = Assets.xcassets; sourceTree = "<group>"; };
		F9D9525E297EB83F0092136B /* Base */ = {isa = PBXFileReference; lastKnownFileType = file.storyboard; name = Base; path = Base.lproj/LaunchScreen.storyboard; sourceTree = "<group>"; };
		F9D95260297EB83F0092136B /* Info.plist */ = {isa = PBXFileReference; lastKnownFileType = text.plist.xml; path = Info.plist; sourceTree = "<group>"; };
		F9D95265297EB83F0092136B /* MyDogAppTests.xctest */ = {isa = PBXFileReference; explicitFileType = wrapper.cfbundle; includeInIndex = 0; path = MyDogAppTests.xctest; sourceTree = BUILT_PRODUCTS_DIR; };
		F9D95269297EB83F0092136B /* MyDogAppTests.swift */ = {isa = PBXFileReference; lastKnownFileType = sourcecode.swift; path = MyDogAppTests.swift; sourceTree = "<group>"; };
		F9D9526F297EB83F0092136B /* MyDogAppUITests.xctest */ = {isa = PBXFileReference; explicitFileType = wrapper.cfbundle; includeInIndex = 0; path = MyDogAppUITests.xctest; sourceTree = BUILT_PRODUCTS_DIR; };
		F9D95273297EB83F0092136B /* MyDogAppUITests.swift */ = {isa = PBXFileReference; lastKnownFileType = sourcecode.swift; path = MyDogAppUITests.swift; sourceTree = "<group>"; };
		F9D95275297EB83F0092136B /* MyDogAppUITestsLaunchTests.swift */ = {isa = PBXFileReference; lastKnownFileType = sourcecode.swift; path = MyDogAppUITestsLaunchTests.swift; sourceTree = "<group>"; };
		F9D95283297EEED80092136B /* BreedsViewController.swift */ = {isa = PBXFileReference; lastKnownFileType = sourcecode.swift; path = BreedsViewController.swift; sourceTree = "<group>"; };
		F9D95285298160860092136B /* BreedCollectionViewCell.swift */ = {isa = PBXFileReference; lastKnownFileType = sourcecode.swift; path = BreedCollectionViewCell.swift; sourceTree = "<group>"; };
		F9D9528A2982E3AB0092136B /* BreedsPresenter.swift */ = {isa = PBXFileReference; fileEncoding = 4; lastKnownFileType = sourcecode.swift; path = BreedsPresenter.swift; sourceTree = "<group>"; };
		F9D9528D29841F2B0092136B /* Breed.swift */ = {isa = PBXFileReference; lastKnownFileType = sourcecode.swift; path = Breed.swift; sourceTree = "<group>"; };
/* End PBXFileReference section */

/* Begin PBXFrameworksBuildPhase section */
		F9D9524C297EB83E0092136B /* Frameworks */ = {
			isa = PBXFrameworksBuildPhase;
			buildActionMask = 2147483647;
			files = (
			);
			runOnlyForDeploymentPostprocessing = 0;
		};
		F9D95262297EB83F0092136B /* Frameworks */ = {
			isa = PBXFrameworksBuildPhase;
			buildActionMask = 2147483647;
			files = (
			);
			runOnlyForDeploymentPostprocessing = 0;
		};
		F9D9526C297EB83F0092136B /* Frameworks */ = {
			isa = PBXFrameworksBuildPhase;
			buildActionMask = 2147483647;
			files = (
			);
			runOnlyForDeploymentPostprocessing = 0;
		};
/* End PBXFrameworksBuildPhase section */

/* Begin PBXGroup section */
		F9D95246297EB83E0092136B = {
			isa = PBXGroup;
			children = (
				F9D95251297EB83E0092136B /* MyDogApp */,
				F9D95268297EB83F0092136B /* MyDogAppTests */,
				F9D95272297EB83F0092136B /* MyDogAppUITests */,
				F9D95250297EB83E0092136B /* Products */,
			);
			sourceTree = "<group>";
		};
		F9D95250297EB83E0092136B /* Products */ = {
			isa = PBXGroup;
			children = (
				F9D9524F297EB83E0092136B /* MyDogApp.app */,
				F9D95265297EB83F0092136B /* MyDogAppTests.xctest */,
				F9D9526F297EB83F0092136B /* MyDogAppUITests.xctest */,
			);
			name = Products;
			sourceTree = "<group>";
		};
		F9D95251297EB83E0092136B /* MyDogApp */ = {
			isa = PBXGroup;
			children = (
				F9D9528C2982E3DA0092136B /* Model */,
				F9D95282297EEEB10092136B /* Breeds */,
				F9D95252297EB83E0092136B /* AppDelegate.swift */,
				F9D95254297EB83E0092136B /* SceneDelegate.swift */,
				F9D95258297EB83E0092136B /* Main.storyboard */,
				F9D95256297EB83E0092136B /* ViewController.swift */,
				F9D9525B297EB83F0092136B /* Assets.xcassets */,
				F9D9525D297EB83F0092136B /* LaunchScreen.storyboard */,
				F9D95260297EB83F0092136B /* Info.plist */,
			);
			path = MyDogApp;
			sourceTree = "<group>";
		};
		F9D95268297EB83F0092136B /* MyDogAppTests */ = {
			isa = PBXGroup;
			children = (
				F9D95269297EB83F0092136B /* MyDogAppTests.swift */,
			);
			path = MyDogAppTests;
			sourceTree = "<group>";
		};
		F9D95272297EB83F0092136B /* MyDogAppUITests */ = {
			isa = PBXGroup;
			children = (
				F9D95273297EB83F0092136B /* MyDogAppUITests.swift */,
				F9D95275297EB83F0092136B /* MyDogAppUITestsLaunchTests.swift */,
			);
			path = MyDogAppUITests;
			sourceTree = "<group>";
		};
		F9D95282297EEEB10092136B /* Breeds */ = {
			isa = PBXGroup;
			children = (
				F9D95283297EEED80092136B /* BreedsViewController.swift */,
				F9D9528A2982E3AB0092136B /* BreedsPresenter.swift */,
				F9D95285298160860092136B /* BreedCollectionViewCell.swift */,
			);
			path = Breeds;
			sourceTree = "<group>";
		};
		F9D9528C2982E3DA0092136B /* Model */ = {
			isa = PBXGroup;
			children = (
				F9D9528D29841F2B0092136B /* Breed.swift */,
			);
			path = Model;
			sourceTree = "<group>";
		};
/* End PBXGroup section */

/* Begin PBXNativeTarget section */
		F9D9524E297EB83E0092136B /* MyDogApp */ = {
			isa = PBXNativeTarget;
			buildConfigurationList = F9D95279297EB83F0092136B /* Build configuration list for PBXNativeTarget "MyDogApp" */;
			buildPhases = (
				F9D9524B297EB83E0092136B /* Sources */,
				F9D9524C297EB83E0092136B /* Frameworks */,
				F9D9524D297EB83E0092136B /* Resources */,
			);
			buildRules = (
			);
			dependencies = (
			);
			name = MyDogApp;
			productName = MyDogApp;
			productReference = F9D9524F297EB83E0092136B /* MyDogApp.app */;
			productType = "com.apple.product-type.application";
		};
		F9D95264297EB83F0092136B /* MyDogAppTests */ = {
			isa = PBXNativeTarget;
			buildConfigurationList = F9D9527C297EB83F0092136B /* Build configuration list for PBXNativeTarget "MyDogAppTests" */;
			buildPhases = (
				F9D95261297EB83F0092136B /* Sources */,
				F9D95262297EB83F0092136B /* Frameworks */,
				F9D95263297EB83F0092136B /* Resources */,
			);
			buildRules = (
			);
			dependencies = (
				F9D95267297EB83F0092136B /* PBXTargetDependency */,
			);
			name = MyDogAppTests;
			productName = MyDogAppTests;
			productReference = F9D95265297EB83F0092136B /* MyDogAppTests.xctest */;
			productType = "com.apple.product-type.bundle.unit-test";
		};
		F9D9526E297EB83F0092136B /* MyDogAppUITests */ = {
			isa = PBXNativeTarget;
			buildConfigurationList = F9D9527F297EB83F0092136B /* Build configuration list for PBXNativeTarget "MyDogAppUITests" */;
			buildPhases = (
				F9D9526B297EB83F0092136B /* Sources */,
				F9D9526C297EB83F0092136B /* Frameworks */,
				F9D9526D297EB83F0092136B /* Resources */,
			);
			buildRules = (
			);
			dependencies = (
				F9D95271297EB83F0092136B /* PBXTargetDependency */,
			);
			name = MyDogAppUITests;
			productName = MyDogAppUITests;
			productReference = F9D9526F297EB83F0092136B /* MyDogAppUITests.xctest */;
			productType = "com.apple.product-type.bundle.ui-testing";
		};
/* End PBXNativeTarget section */

/* Begin PBXProject section */
		F9D95247297EB83E0092136B /* Project object */ = {
			isa = PBXProject;
			attributes = {
				BuildIndependentTargetsInParallel = 1;
				LastSwiftUpdateCheck = 1340;
				LastUpgradeCheck = 1340;
				TargetAttributes = {
					F9D9524E297EB83E0092136B = {
						CreatedOnToolsVersion = 13.4;
					};
					F9D95264297EB83F0092136B = {
						CreatedOnToolsVersion = 13.4;
						TestTargetID = F9D9524E297EB83E0092136B;
					};
					F9D9526E297EB83F0092136B = {
						CreatedOnToolsVersion = 13.4;
						TestTargetID = F9D9524E297EB83E0092136B;
					};
				};
			};
			buildConfigurationList = F9D9524A297EB83E0092136B /* Build configuration list for PBXProject "MyDogApp" */;
			compatibilityVersion = "Xcode 13.0";
			developmentRegion = en;
			hasScannedForEncodings = 0;
			knownRegions = (
				en,
				Base,
			);
			mainGroup = F9D95246297EB83E0092136B;
			productRefGroup = F9D95250297EB83E0092136B /* Products */;
			projectDirPath = "";
			projectRoot = "";
			targets = (
				F9D9524E297EB83E0092136B /* MyDogApp */,
				F9D95264297EB83F0092136B /* MyDogAppTests */,
				F9D9526E297EB83F0092136B /* MyDogAppUITests */,
			);
		};
/* End PBXProject section */

/* Begin PBXResourcesBuildPhase section */
		F9D9524D297EB83E0092136B /* Resources */ = {
			isa = PBXResourcesBuildPhase;
			buildActionMask = 2147483647;
			files = (
				F9D9525F297EB83F0092136B /* LaunchScreen.storyboard in Resources */,
				F9D9525C297EB83F0092136B /* Assets.xcassets in Resources */,
				F9D9525A297EB83E0092136B /* Main.storyboard in Resources */,
			);
			runOnlyForDeploymentPostprocessing = 0;
		};
		F9D95263297EB83F0092136B /* Resources */ = {
			isa = PBXResourcesBuildPhase;
			buildActionMask = 2147483647;
			files = (
			);
			runOnlyForDeploymentPostprocessing = 0;
		};
		F9D9526D297EB83F0092136B /* Resources */ = {
			isa = PBXResourcesBuildPhase;
			buildActionMask = 2147483647;
			files = (
			);
			runOnlyForDeploymentPostprocessing = 0;
		};
/* End PBXResourcesBuildPhase section */

/* Begin PBXSourcesBuildPhase section */
		F9D9524B297EB83E0092136B /* Sources */ = {
			isa = PBXSourcesBuildPhase;
			buildActionMask = 2147483647;
			files = (
				F9D95257297EB83E0092136B /* ViewController.swift in Sources */,
				F9D9528E29841F2B0092136B /* Breed.swift in Sources */,
				F9D95284297EEED80092136B /* BreedsViewController.swift in Sources */,
				F9D95253297EB83E0092136B /* AppDelegate.swift in Sources */,
				F9D9528B2982E3AB0092136B /* BreedsPresenter.swift in Sources */,
				F9D95286298160860092136B /* BreedCollectionViewCell.swift in Sources */,
				F9D95255297EB83E0092136B /* SceneDelegate.swift in Sources */,
			);
			runOnlyForDeploymentPostprocessing = 0;
		};
		F9D95261297EB83F0092136B /* Sources */ = {
			isa = PBXSourcesBuildPhase;
			buildActionMask = 2147483647;
			files = (
				F9D9526A297EB83F0092136B /* MyDogAppTests.swift in Sources */,
			);
			runOnlyForDeploymentPostprocessing = 0;
		};
		F9D9526B297EB83F0092136B /* Sources */ = {
			isa = PBXSourcesBuildPhase;
			buildActionMask = 2147483647;
			files = (
				F9D95276297EB83F0092136B /* MyDogAppUITestsLaunchTests.swift in Sources */,
				F9D95274297EB83F0092136B /* MyDogAppUITests.swift in Sources */,
			);
			runOnlyForDeploymentPostprocessing = 0;
		};
/* End PBXSourcesBuildPhase section */

/* Begin PBXTargetDependency section */
		F9D95267297EB83F0092136B /* PBXTargetDependency */ = {
			isa = PBXTargetDependency;
			target = F9D9524E297EB83E0092136B /* MyDogApp */;
			targetProxy = F9D95266297EB83F0092136B /* PBXContainerItemProxy */;
		};
		F9D95271297EB83F0092136B /* PBXTargetDependency */ = {
			isa = PBXTargetDependency;
			target = F9D9524E297EB83E0092136B /* MyDogApp */;
			targetProxy = F9D95270297EB83F0092136B /* PBXContainerItemProxy */;
		};
/* End PBXTargetDependency section */

/* Begin PBXVariantGroup section */
		F9D95258297EB83E0092136B /* Main.storyboard */ = {
			isa = PBXVariantGroup;
			children = (
				F9D95259297EB83E0092136B /* Base */,
			);
			name = Main.storyboard;
			sourceTree = "<group>";
		};
		F9D9525D297EB83F0092136B /* LaunchScreen.storyboard */ = {
			isa = PBXVariantGroup;
			children = (
				F9D9525E297EB83F0092136B /* Base */,
			);
			name = LaunchScreen.storyboard;
			sourceTree = "<group>";
		};
/* End PBXVariantGroup section */

/* Begin XCBuildConfiguration section */
		F9D95277297EB83F0092136B /* Debug */ = {
			isa = XCBuildConfiguration;
			buildSettings = {
				ALWAYS_SEARCH_USER_PATHS = NO;
				CLANG_ANALYZER_NONNULL = YES;
				CLANG_ANALYZER_NUMBER_OBJECT_CONVERSION = YES_AGGRESSIVE;
				CLANG_CXX_LANGUAGE_STANDARD = "gnu++17";
				CLANG_ENABLE_MODULES = YES;
				CLANG_ENABLE_OBJC_ARC = YES;
				CLANG_ENABLE_OBJC_WEAK = YES;
				CLANG_WARN_BLOCK_CAPTURE_AUTORELEASING = YES;
				CLANG_WARN_BOOL_CONVERSION = YES;
				CLANG_WARN_COMMA = YES;
				CLANG_WARN_CONSTANT_CONVERSION = YES;
				CLANG_WARN_DEPRECATED_OBJC_IMPLEMENTATIONS = YES;
				CLANG_WARN_DIRECT_OBJC_ISA_USAGE = YES_ERROR;
				CLANG_WARN_DOCUMENTATION_COMMENTS = YES;
				CLANG_WARN_EMPTY_BODY = YES;
				CLANG_WARN_ENUM_CONVERSION = YES;
				CLANG_WARN_INFINITE_RECURSION = YES;
				CLANG_WARN_INT_CONVERSION = YES;
				CLANG_WARN_NON_LITERAL_NULL_CONVERSION = YES;
				CLANG_WARN_OBJC_IMPLICIT_RETAIN_SELF = YES;
				CLANG_WARN_OBJC_LITERAL_CONVERSION = YES;
				CLANG_WARN_OBJC_ROOT_CLASS = YES_ERROR;
				CLANG_WARN_QUOTED_INCLUDE_IN_FRAMEWORK_HEADER = YES;
				CLANG_WARN_RANGE_LOOP_ANALYSIS = YES;
				CLANG_WARN_STRICT_PROTOTYPES = YES;
				CLANG_WARN_SUSPICIOUS_MOVE = YES;
				CLANG_WARN_UNGUARDED_AVAILABILITY = YES_AGGRESSIVE;
				CLANG_WARN_UNREACHABLE_CODE = YES;
				CLANG_WARN__DUPLICATE_METHOD_MATCH = YES;
				COPY_PHASE_STRIP = NO;
				DEBUG_INFORMATION_FORMAT = dwarf;
				ENABLE_STRICT_OBJC_MSGSEND = YES;
				ENABLE_TESTABILITY = YES;
				GCC_C_LANGUAGE_STANDARD = gnu11;
				GCC_DYNAMIC_NO_PIC = NO;
				GCC_NO_COMMON_BLOCKS = YES;
				GCC_OPTIMIZATION_LEVEL = 0;
				GCC_PREPROCESSOR_DEFINITIONS = (
					"DEBUG=1",
					"$(inherited)",
				);
				GCC_WARN_64_TO_32_BIT_CONVERSION = YES;
				GCC_WARN_ABOUT_RETURN_TYPE = YES_ERROR;
				GCC_WARN_UNDECLARED_SELECTOR = YES;
				GCC_WARN_UNINITIALIZED_AUTOS = YES_AGGRESSIVE;
				GCC_WARN_UNUSED_FUNCTION = YES;
				GCC_WARN_UNUSED_VARIABLE = YES;
				IPHONEOS_DEPLOYMENT_TARGET = 15.5;
				MTL_ENABLE_DEBUG_INFO = INCLUDE_SOURCE;
				MTL_FAST_MATH = YES;
				ONLY_ACTIVE_ARCH = YES;
				SDKROOT = iphoneos;
				SWIFT_ACTIVE_COMPILATION_CONDITIONS = DEBUG;
				SWIFT_OPTIMIZATION_LEVEL = "-Onone";
			};
			name = Debug;
		};
		F9D95278297EB83F0092136B /* Release */ = {
			isa = XCBuildConfiguration;
			buildSettings = {
				ALWAYS_SEARCH_USER_PATHS = NO;
				CLANG_ANALYZER_NONNULL = YES;
				CLANG_ANALYZER_NUMBER_OBJECT_CONVERSION = YES_AGGRESSIVE;
				CLANG_CXX_LANGUAGE_STANDARD = "gnu++17";
				CLANG_ENABLE_MODULES = YES;
				CLANG_ENABLE_OBJC_ARC = YES;
				CLANG_ENABLE_OBJC_WEAK = YES;
				CLANG_WARN_BLOCK_CAPTURE_AUTORELEASING = YES;
				CLANG_WARN_BOOL_CONVERSION = YES;
				CLANG_WARN_COMMA = YES;
				CLANG_WARN_CONSTANT_CONVERSION = YES;
				CLANG_WARN_DEPRECATED_OBJC_IMPLEMENTATIONS = YES;
				CLANG_WARN_DIRECT_OBJC_ISA_USAGE = YES_ERROR;
				CLANG_WARN_DOCUMENTATION_COMMENTS = YES;
				CLANG_WARN_EMPTY_BODY = YES;
				CLANG_WARN_ENUM_CONVERSION = YES;
				CLANG_WARN_INFINITE_RECURSION = YES;
				CLANG_WARN_INT_CONVERSION = YES;
				CLANG_WARN_NON_LITERAL_NULL_CONVERSION = YES;
				CLANG_WARN_OBJC_IMPLICIT_RETAIN_SELF = YES;
				CLANG_WARN_OBJC_LITERAL_CONVERSION = YES;
				CLANG_WARN_OBJC_ROOT_CLASS = YES_ERROR;
				CLANG_WARN_QUOTED_INCLUDE_IN_FRAMEWORK_HEADER = YES;
				CLANG_WARN_RANGE_LOOP_ANALYSIS = YES;
				CLANG_WARN_STRICT_PROTOTYPES = YES;
				CLANG_WARN_SUSPICIOUS_MOVE = YES;
				CLANG_WARN_UNGUARDED_AVAILABILITY = YES_AGGRESSIVE;
				CLANG_WARN_UNREACHABLE_CODE = YES;
				CLANG_WARN__DUPLICATE_METHOD_MATCH = YES;
				COPY_PHASE_STRIP = NO;
				DEBUG_INFORMATION_FORMAT = "dwarf-with-dsym";
				ENABLE_NS_ASSERTIONS = NO;
				ENABLE_STRICT_OBJC_MSGSEND = YES;
				GCC_C_LANGUAGE_STANDARD = gnu11;
				GCC_NO_COMMON_BLOCKS = YES;
				GCC_WARN_64_TO_32_BIT_CONVERSION = YES;
				GCC_WARN_ABOUT_RETURN_TYPE = YES_ERROR;
				GCC_WARN_UNDECLARED_SELECTOR = YES;
				GCC_WARN_UNINITIALIZED_AUTOS = YES_AGGRESSIVE;
				GCC_WARN_UNUSED_FUNCTION = YES;
				GCC_WARN_UNUSED_VARIABLE = YES;
				IPHONEOS_DEPLOYMENT_TARGET = 15.5;
				MTL_ENABLE_DEBUG_INFO = NO;
				MTL_FAST_MATH = YES;
				SDKROOT = iphoneos;
				SWIFT_COMPILATION_MODE = wholemodule;
				SWIFT_OPTIMIZATION_LEVEL = "-O";
				VALIDATE_PRODUCT = YES;
			};
			name = Release;
		};
		F9D9527A297EB83F0092136B /* Debug */ = {
			isa = XCBuildConfiguration;
			buildSettings = {
				ASSETCATALOG_COMPILER_APPICON_NAME = AppIcon;
				ASSETCATALOG_COMPILER_GLOBAL_ACCENT_COLOR_NAME = AccentColor;
				CODE_SIGN_STYLE = Automatic;
				CURRENT_PROJECT_VERSION = 1;
				GENERATE_INFOPLIST_FILE = YES;
				INFOPLIST_FILE = MyDogApp/Info.plist;
				INFOPLIST_KEY_UIApplicationSupportsIndirectInputEvents = YES;
				INFOPLIST_KEY_UILaunchStoryboardName = LaunchScreen;
				INFOPLIST_KEY_UIMainStoryboardFile = Main;
				INFOPLIST_KEY_UISupportedInterfaceOrientations_iPad = "UIInterfaceOrientationPortrait UIInterfaceOrientationPortraitUpsideDown UIInterfaceOrientationLandscapeLeft UIInterfaceOrientationLandscapeRight";
				INFOPLIST_KEY_UISupportedInterfaceOrientations_iPhone = "UIInterfaceOrientationPortrait UIInterfaceOrientationLandscapeLeft UIInterfaceOrientationLandscapeRight";
				LD_RUNPATH_SEARCH_PATHS = (
					"$(inherited)",
					"@executable_path/Frameworks",
				);
				MARKETING_VERSION = 1.0;
				PRODUCT_BUNDLE_IDENTIFIER = com.saraharshad.MyDogApp;
				PRODUCT_NAME = "$(TARGET_NAME)";
				SWIFT_EMIT_LOC_STRINGS = YES;
				SWIFT_VERSION = 5.0;
				TARGETED_DEVICE_FAMILY = "1,2";
			};
			name = Debug;
		};
		F9D9527B297EB83F0092136B /* Release */ = {
			isa = XCBuildConfiguration;
			buildSettings = {
				ASSETCATALOG_COMPILER_APPICON_NAME = AppIcon;
				ASSETCATALOG_COMPILER_GLOBAL_ACCENT_COLOR_NAME = AccentColor;
				CODE_SIGN_STYLE = Automatic;
				CURRENT_PROJECT_VERSION = 1;
				GENERATE_INFOPLIST_FILE = YES;
				INFOPLIST_FILE = MyDogApp/Info.plist;
				INFOPLIST_KEY_UIApplicationSupportsIndirectInputEvents = YES;
				INFOPLIST_KEY_UILaunchStoryboardName = LaunchScreen;
				INFOPLIST_KEY_UIMainStoryboardFile = Main;
				INFOPLIST_KEY_UISupportedInterfaceOrientations_iPad = "UIInterfaceOrientationPortrait UIInterfaceOrientationPortraitUpsideDown UIInterfaceOrientationLandscapeLeft UIInterfaceOrientationLandscapeRight";
				INFOPLIST_KEY_UISupportedInterfaceOrientations_iPhone = "UIInterfaceOrientationPortrait UIInterfaceOrientationLandscapeLeft UIInterfaceOrientationLandscapeRight";
				LD_RUNPATH_SEARCH_PATHS = (
					"$(inherited)",
					"@executable_path/Frameworks",
				);
				MARKETING_VERSION = 1.0;
				PRODUCT_BUNDLE_IDENTIFIER = com.saraharshad.MyDogApp;
				PRODUCT_NAME = "$(TARGET_NAME)";
				SWIFT_EMIT_LOC_STRINGS = YES;
				SWIFT_VERSION = 5.0;
				TARGETED_DEVICE_FAMILY = "1,2";
			};
			name = Release;
		};
		F9D9527D297EB83F0092136B /* Debug */ = {
			isa = XCBuildConfiguration;
			buildSettings = {
				ALWAYS_EMBED_SWIFT_STANDARD_LIBRARIES = YES;
				BUNDLE_LOADER = "$(TEST_HOST)";
				CODE_SIGN_STYLE = Automatic;
				CURRENT_PROJECT_VERSION = 1;
				GENERATE_INFOPLIST_FILE = YES;
				IPHONEOS_DEPLOYMENT_TARGET = 15.5;
				MARKETING_VERSION = 1.0;
				PRODUCT_BUNDLE_IDENTIFIER = com.saraharshad.MyDogAppTests;
				PRODUCT_NAME = "$(TARGET_NAME)";
				SWIFT_EMIT_LOC_STRINGS = NO;
				SWIFT_VERSION = 5.0;
				TARGETED_DEVICE_FAMILY = "1,2";
				TEST_HOST = "$(BUILT_PRODUCTS_DIR)/MyDogApp.app/MyDogApp";
			};
			name = Debug;
		};
		F9D9527E297EB83F0092136B /* Release */ = {
			isa = XCBuildConfiguration;
			buildSettings = {
				ALWAYS_EMBED_SWIFT_STANDARD_LIBRARIES = YES;
				BUNDLE_LOADER = "$(TEST_HOST)";
				CODE_SIGN_STYLE = Automatic;
				CURRENT_PROJECT_VERSION = 1;
				GENERATE_INFOPLIST_FILE = YES;
				IPHONEOS_DEPLOYMENT_TARGET = 15.5;
				MARKETING_VERSION = 1.0;
				PRODUCT_BUNDLE_IDENTIFIER = com.saraharshad.MyDogAppTests;
				PRODUCT_NAME = "$(TARGET_NAME)";
				SWIFT_EMIT_LOC_STRINGS = NO;
				SWIFT_VERSION = 5.0;
				TARGETED_DEVICE_FAMILY = "1,2";
				TEST_HOST = "$(BUILT_PRODUCTS_DIR)/MyDogApp.app/MyDogApp";
			};
			name = Release;
		};
		F9D95280297EB83F0092136B /* Debug */ = {
			isa = XCBuildConfiguration;
			buildSettings = {
				ALWAYS_EMBED_SWIFT_STANDARD_LIBRARIES = YES;
				CODE_SIGN_STYLE = Automatic;
				CURRENT_PROJECT_VERSION = 1;
				GENERATE_INFOPLIST_FILE = YES;
				MARKETING_VERSION = 1.0;
				PRODUCT_BUNDLE_IDENTIFIER = com.saraharshad.MyDogAppUITests;
				PRODUCT_NAME = "$(TARGET_NAME)";
				SWIFT_EMIT_LOC_STRINGS = NO;
				SWIFT_VERSION = 5.0;
				TARGETED_DEVICE_FAMILY = "1,2";
				TEST_TARGET_NAME = MyDogApp;
			};
			name = Debug;
		};
		F9D95281297EB83F0092136B /* Release */ = {
			isa = XCBuildConfiguration;
			buildSettings = {
				ALWAYS_EMBED_SWIFT_STANDARD_LIBRARIES = YES;
				CODE_SIGN_STYLE = Automatic;
				CURRENT_PROJECT_VERSION = 1;
				GENERATE_INFOPLIST_FILE = YES;
				MARKETING_VERSION = 1.0;
				PRODUCT_BUNDLE_IDENTIFIER = com.saraharshad.MyDogAppUITests;
				PRODUCT_NAME = "$(TARGET_NAME)";
				SWIFT_EMIT_LOC_STRINGS = NO;
				SWIFT_VERSION = 5.0;
				TARGETED_DEVICE_FAMILY = "1,2";
				TEST_TARGET_NAME = MyDogApp;
			};
			name = Release;
		};
/* End XCBuildConfiguration section */

/* Begin XCConfigurationList section */
		F9D9524A297EB83E0092136B /* Build configuration list for PBXProject "MyDogApp" */ = {
			isa = XCConfigurationList;
			buildConfigurations = (
				F9D95277297EB83F0092136B /* Debug */,
				F9D95278297EB83F0092136B /* Release */,
			);
			defaultConfigurationIsVisible = 0;
			defaultConfigurationName = Release;
		};
		F9D95279297EB83F0092136B /* Build configuration list for PBXNativeTarget "MyDogApp" */ = {
			isa = XCConfigurationList;
			buildConfigurations = (
				F9D9527A297EB83F0092136B /* Debug */,
				F9D9527B297EB83F0092136B /* Release */,
			);
			defaultConfigurationIsVisible = 0;
			defaultConfigurationName = Release;
		};
		F9D9527C297EB83F0092136B /* Build configuration list for PBXNativeTarget "MyDogAppTests" */ = {
			isa = XCConfigurationList;
			buildConfigurations = (
				F9D9527D297EB83F0092136B /* Debug */,
				F9D9527E297EB83F0092136B /* Release */,
			);
			defaultConfigurationIsVisible = 0;
			defaultConfigurationName = Release;
		};
		F9D9527F297EB83F0092136B /* Build configuration list for PBXNativeTarget "MyDogAppUITests" */ = {
			isa = XCConfigurationList;
			buildConfigurations = (
				F9D95280297EB83F0092136B /* Debug */,
				F9D95281297EB83F0092136B /* Release */,
			);
			defaultConfigurationIsVisible = 0;
			defaultConfigurationName = Release;
		};
/* End XCConfigurationList section */
	};
	rootObject = F9D95247297EB83E0092136B /* Project object */;
}
